
Microsoft Visual Studio Solution File, Format Version 12.00
# Visual Studio Version 17
VisualStudioVersion = 17.9.34728.123
MinimumVisualStudioVersion = 10.0.40219.1
Project("{FAE04EC0-301F-11D3-BF4B-00C04F79EFBC}") = "Ator-Filme", "Ator-Filme\Ator-Filme.csproj", "{1AE92D73-BA2F-4CBF-A5D1-5D1B71BD4C8F}"
EndProject
Global
	GlobalSection(SolutionConfigurationPlatforms) = preSolution
		Debug|Any CPU = Debug|Any CPU
		Release|Any CPU = Release|Any CPU
	EndGlobalSection
	GlobalSection(ProjectConfigurationPlatforms) = postSolution
		{1AE92D73-BA2F-4CBF-A5D1-5D1B71BD4C8F}.Debug|Any CPU.ActiveCfg = Debug|Any CPU
		{1AE92D73-BA2F-4CBF-A5D1-5D1B71BD4C8F}.Debug|Any CPU.Build.0 = Debug|Any CPU
		{1AE92D73-BA2F-4CBF-A5D1-5D1B71BD4C8F}.Release|Any CPU.ActiveCfg = Release|Any CPU
		{1AE92D73-BA2F-4CBF-A5D1-5D1B71BD4C8F}.Release|Any CPU.Build.0 = Release|Any CPU
	EndGlobalSection
	GlobalSection(SolutionProperties) = preSolution
		HideSolutionNode = FALSE
	EndGlobalSection
	GlobalSection(ExtensibilityGlobals) = postSolution
		SolutionGuid = {1FBF5F5A-0723-49C3-A3C3-1EE17C822B8E}
	EndGlobalSection
EndGlobal
